
Microsoft Visual Studio Solution File, Format Version 12.00
# Visual Studio Version 17
VisualStudioVersion = 17.9.34714.143
MinimumVisualStudioVersion = 10.0.40219.1
Project("{FAE04EC0-301F-11D3-BF4B-00C04F79EFBC}") = "ATM_API", "ATM_API.csproj", "{3824A66D-D83E-4A7C-A088-2292627FFAE9}"
EndProject
Global
	GlobalSection(SolutionConfigurationPlatforms) = preSolution
		Debug|Any CPU = Debug|Any CPU
		Release|Any CPU = Release|Any CPU
	EndGlobalSection
	GlobalSection(ProjectConfigurationPlatforms) = postSolution
		{3824A66D-D83E-4A7C-A088-2292627FFAE9}.Debug|Any CPU.ActiveCfg = Debug|Any CPU
		{3824A66D-D83E-4A7C-A088-2292627FFAE9}.Debug|Any CPU.Build.0 = Debug|Any CPU
		{3824A66D-D83E-4A7C-A088-2292627FFAE9}.Release|Any CPU.ActiveCfg = Release|Any CPU
		{3824A66D-D83E-4A7C-A088-2292627FFAE9}.Release|Any CPU.Build.0 = Release|Any CPU
	EndGlobalSection
	GlobalSection(SolutionProperties) = preSolution
		HideSolutionNode = FALSE
	EndGlobalSection
	GlobalSection(ExtensibilityGlobals) = postSolution
		SolutionGuid = {10987C16-C413-4257-8028-7F9A5D608ABF}
	EndGlobalSection
EndGlobal
